
Microsoft Visual Studio Solution File, Format Version 12.00
# Visual Studio Version 17
VisualStudioVersion = 17.13.35931.197 d17.13
MinimumVisualStudioVersion = 10.0.40219.1
Project("{FAE04EC0-301F-11D3-BF4B-00C04F79EFBC}") = "Portafolio", "Portafolio\Portafolio.csproj", "{451F8543-15B7-4EA2-B5AF-5E3B75E70284}"
EndProject
Global
	GlobalSection(SolutionConfigurationPlatforms) = preSolution
		Debug|Any CPU = Debug|Any CPU
		Release|Any CPU = Release|Any CPU
	EndGlobalSection
	GlobalSection(ProjectConfigurationPlatforms) = postSolution
		{451F8543-15B7-4EA2-B5AF-5E3B75E70284}.Debug|Any CPU.ActiveCfg = Debug|Any CPU
		{451F8543-15B7-4EA2-B5AF-5E3B75E70284}.Debug|Any CPU.Build.0 = Debug|Any CPU
		{451F8543-15B7-4EA2-B5AF-5E3B75E70284}.Release|Any CPU.ActiveCfg = Release|Any CPU
		{451F8543-15B7-4EA2-B5AF-5E3B75E70284}.Release|Any CPU.Build.0 = Release|Any CPU
	EndGlobalSection
	GlobalSection(SolutionProperties) = preSolution
		HideSolutionNode = FALSE
	EndGlobalSection
	GlobalSection(ExtensibilityGlobals) = postSolution
		SolutionGuid = {F3E1BCBC-BD4E-40F0-BA6F-E8A554900978}
	EndGlobalSection
EndGlobal
